
Microsoft Visual Studio Solution File, Format Version 12.00
# Visual Studio Version 17
VisualStudioVersion = 17.5.002.0
MinimumVisualStudioVersion = 10.0.40219.1
Project("{9A19103F-16F7-4668-BE54-9A1E7A4F7556}") = "bbb", "bbb\bbb.csproj", "{69E9E583-B640-4E9A-B256-72FF71BFD390}"
EndProject
Global
	GlobalSection(SolutionConfigurationPlatforms) = preSolution
		Debug|Any CPU = Debug|Any CPU
		Release|Any CPU = Release|Any CPU
	EndGlobalSection
	GlobalSection(ProjectConfigurationPlatforms) = postSolution
		{69E9E583-B640-4E9A-B256-72FF71BFD390}.Debug|Any CPU.ActiveCfg = Debug|Any CPU
		{69E9E583-B640-4E9A-B256-72FF71BFD390}.Debug|Any CPU.Build.0 = Debug|Any CPU
		{69E9E583-B640-4E9A-B256-72FF71BFD390}.Release|Any CPU.ActiveCfg = Release|Any CPU
		{69E9E583-B640-4E9A-B256-72FF71BFD390}.Release|Any CPU.Build.0 = Release|Any CPU
	EndGlobalSection
	GlobalSection(SolutionProperties) = preSolution
		HideSolutionNode = FALSE
	EndGlobalSection
	GlobalSection(ExtensibilityGlobals) = postSolution
		SolutionGuid = {9A19A794-A810-4C1C-9D19-1374C7CE7C00}
	EndGlobalSection
EndGlobal
